// !$*UTF8*$!
{
	archiveVersion = 1;
	classes = {
	};
	objectVersion = 55;
	objects = {

/* Begin PBXBuildFile section */
		ED1EA960277B2310003F4F45 /* DescriptionController.swift in Sources */ = {isa = PBXBuildFile; fileRef = ED1EA95F277B2310003F4F45 /* DescriptionController.swift */; };
		ED42A0E527772F0B00C9157E /* GetLocation.swift in Sources */ = {isa = PBXBuildFile; fileRef = ED42A0E427772F0A00C9157E /* GetLocation.swift */; };
		ED631DC5277349C600968009 /* AppDelegate.swift in Sources */ = {isa = PBXBuildFile; fileRef = ED631DC4277349C600968009 /* AppDelegate.swift */; };
		ED631DC7277349C600968009 /* SceneDelegate.swift in Sources */ = {isa = PBXBuildFile; fileRef = ED631DC6277349C600968009 /* SceneDelegate.swift */; };
		ED631DC9277349C600968009 /* WeatherController.swift in Sources */ = {isa = PBXBuildFile; fileRef = ED631DC8277349C600968009 /* WeatherController.swift */; };
		ED631DCC277349C600968009 /* Main.storyboard in Resources */ = {isa = PBXBuildFile; fileRef = ED631DCA277349C600968009 /* Main.storyboard */; };
		ED631DCE277349CF00968009 /* Assets.xcassets in Resources */ = {isa = PBXBuildFile; fileRef = ED631DCD277349CF00968009 /* Assets.xcassets */; };
		ED631DD1277349CF00968009 /* LaunchScreen.storyboard in Resources */ = {isa = PBXBuildFile; fileRef = ED631DCF277349CF00968009 /* LaunchScreen.storyboard */; };
		ED631DDB2776E30800968009 /* WeatherData.swift in Sources */ = {isa = PBXBuildFile; fileRef = ED631DDA2776E30800968009 /* WeatherData.swift */; };
		ED631DDD2776E67600968009 /* WeatherManager.swift in Sources */ = {isa = PBXBuildFile; fileRef = ED631DDC2776E67600968009 /* WeatherManager.swift */; };
		ED631DDF2776EE1F00968009 /* WeatherModel.swift in Sources */ = {isa = PBXBuildFile; fileRef = ED631DDE2776EE1F00968009 /* WeatherModel.swift */; };
		ED7943F72779D44C004B7EB6 /* ListCell.swift in Sources */ = {isa = PBXBuildFile; fileRef = ED7943F62779D44C004B7EB6 /* ListCell.swift */; };
/* End PBXBuildFile section */

/* Begin PBXFileReference section */
		ED1EA95F277B2310003F4F45 /* DescriptionController.swift */ = {isa = PBXFileReference; lastKnownFileType = sourcecode.swift; path = DescriptionController.swift; sourceTree = "<group>"; };
		ED42A0E427772F0A00C9157E /* GetLocation.swift */ = {isa = PBXFileReference; lastKnownFileType = sourcecode.swift; path = GetLocation.swift; sourceTree = "<group>"; };
		ED631DC1277349C600968009 /* WeatherApp.app */ = {isa = PBXFileReference; explicitFileType = wrapper.application; includeInIndex = 0; path = WeatherApp.app; sourceTree = BUILT_PRODUCTS_DIR; };
		ED631DC4277349C600968009 /* AppDelegate.swift */ = {isa = PBXFileReference; lastKnownFileType = sourcecode.swift; path = AppDelegate.swift; sourceTree = "<group>"; };
		ED631DC6277349C600968009 /* SceneDelegate.swift */ = {isa = PBXFileReference; lastKnownFileType = sourcecode.swift; path = SceneDelegate.swift; sourceTree = "<group>"; };
		ED631DC8277349C600968009 /* WeatherController.swift */ = {isa = PBXFileReference; lastKnownFileType = sourcecode.swift; path = WeatherController.swift; sourceTree = "<group>"; };
		ED631DCB277349C600968009 /* Base */ = {isa = PBXFileReference; lastKnownFileType = file.storyboard; name = Base; path = Base.lproj/Main.storyboard; sourceTree = "<group>"; };
		ED631DCD277349CF00968009 /* Assets.xcassets */ = {isa = PBXFileReference; lastKnownFileType = folder.assetcatalog; path = Assets.xcassets; sourceTree = "<group>"; };
		ED631DD0277349CF00968009 /* Base */ = {isa = PBXFileReference; lastKnownFileType = file.storyboard; name = Base; path = Base.lproj/LaunchScreen.storyboard; sourceTree = "<group>"; };
		ED631DD2277349CF00968009 /* Info.plist */ = {isa = PBXFileReference; lastKnownFileType = text.plist.xml; path = Info.plist; sourceTree = "<group>"; };
		ED631DDA2776E30800968009 /* WeatherData.swift */ = {isa = PBXFileReference; lastKnownFileType = sourcecode.swift; path = WeatherData.swift; sourceTree = "<group>"; };
		ED631DDC2776E67600968009 /* WeatherManager.swift */ = {isa = PBXFileReference; lastKnownFileType = sourcecode.swift; path = WeatherManager.swift; sourceTree = "<group>"; };
		ED631DDE2776EE1F00968009 /* WeatherModel.swift */ = {isa = PBXFileReference; lastKnownFileType = sourcecode.swift; path = WeatherModel.swift; sourceTree = "<group>"; };
		ED7943F62779D44C004B7EB6 /* ListCell.swift */ = {isa = PBXFileReference; lastKnownFileType = sourcecode.swift; path = ListCell.swift; sourceTree = "<group>"; };
/* End PBXFileReference section */

/* Begin PBXFrameworksBuildPhase section */
		ED631DBE277349C600968009 /* Frameworks */ = {
			isa = PBXFrameworksBuildPhase;
			buildActionMask = 2147483647;
			files = (
			);
			runOnlyForDeploymentPostprocessing = 0;
		};
/* End PBXFrameworksBuildPhase section */

/* Begin PBXGroup section */
		ED631DB8277349C600968009 = {
			isa = PBXGroup;
			children = (
				ED631DC3277349C600968009 /* WeatherApp */,
				ED631DC2277349C600968009 /* Products */,
			);
			sourceTree = "<group>";
		};
		ED631DC2277349C600968009 /* Products */ = {
			isa = PBXGroup;
			children = (
				ED631DC1277349C600968009 /* WeatherApp.app */,
			);
			name = Products;
			sourceTree = "<group>";
		};
		ED631DC3277349C600968009 /* WeatherApp */ = {
			isa = PBXGroup;
			children = (
				ED631DC4277349C600968009 /* AppDelegate.swift */,
				ED631DC6277349C600968009 /* SceneDelegate.swift */,
				ED7943F52779D420004B7EB6 /* Views */,
				ED631DD92776E2F500968009 /* Models */,
				ED631DD82776E2E900968009 /* Controllers */,
				ED631DCA277349C600968009 /* Main.storyboard */,
				ED631DCD277349CF00968009 /* Assets.xcassets */,
				ED631DCF277349CF00968009 /* LaunchScreen.storyboard */,
				ED631DD2277349CF00968009 /* Info.plist */,
			);
			path = WeatherApp;
			sourceTree = "<group>";
		};
		ED631DD82776E2E900968009 /* Controllers */ = {
			isa = PBXGroup;
			children = (
				ED631DC8277349C600968009 /* WeatherController.swift */,
				ED1EA95F277B2310003F4F45 /* DescriptionController.swift */,
			);
			path = Controllers;
			sourceTree = "<group>";
		};
		ED631DD92776E2F500968009 /* Models */ = {
			isa = PBXGroup;
			children = (
				ED631DDA2776E30800968009 /* WeatherData.swift */,
				ED631DDC2776E67600968009 /* WeatherManager.swift */,
				ED631DDE2776EE1F00968009 /* WeatherModel.swift */,
				ED42A0E427772F0A00C9157E /* GetLocation.swift */,
			);
			path = Models;
			sourceTree = "<group>";
		};
		ED7943F52779D420004B7EB6 /* Views */ = {
			isa = PBXGroup;
			children = (
				ED7943F62779D44C004B7EB6 /* ListCell.swift */,
			);
			path = Views;
			sourceTree = "<group>";
		};
/* End PBXGroup section */

/* Begin PBXNativeTarget section */
		ED631DC0277349C600968009 /* WeatherApp */ = {
			isa = PBXNativeTarget;
			buildConfigurationList = ED631DD5277349CF00968009 /* Build configuration list for PBXNativeTarget "WeatherApp" */;
			buildPhases = (
				ED631DBD277349C600968009 /* Sources */,
				ED631DBE277349C600968009 /* Frameworks */,
				ED631DBF277349C600968009 /* Resources */,
			);
			buildRules = (
			);
			dependencies = (
			);
			name = WeatherApp;
			productName = WeatherApp;
			productReference = ED631DC1277349C600968009 /* WeatherApp.app */;
			productType = "com.apple.product-type.application";
		};
/* End PBXNativeTarget section */

/* Begin PBXProject section */
		ED631DB9277349C600968009 /* Project object */ = {
			isa = PBXProject;
			attributes = {
				BuildIndependentTargetsInParallel = 1;
				LastSwiftUpdateCheck = 1310;
				LastUpgradeCheck = 1310;
				TargetAttributes = {
					ED631DC0277349C600968009 = {
						CreatedOnToolsVersion = 13.1;
					};
				};
			};
			buildConfigurationList = ED631DBC277349C600968009 /* Build configuration list for PBXProject "WeatherApp" */;
			compatibilityVersion = "Xcode 13.0";
			developmentRegion = en;
			hasScannedForEncodings = 0;
			knownRegions = (
				en,
				Base,
			);
			mainGroup = ED631DB8277349C600968009;
			productRefGroup = ED631DC2277349C600968009 /* Products */;
			projectDirPath = "";
			projectRoot = "";
			targets = (
				ED631DC0277349C600968009 /* WeatherApp */,
			);
		};
/* End PBXProject section */

/* Begin PBXResourcesBuildPhase section */
		ED631DBF277349C600968009 /* Resources */ = {
			isa = PBXResourcesBuildPhase;
			buildActionMask = 2147483647;
			files = (
				ED631DD1277349CF00968009 /* LaunchScreen.storyboard in Resources */,
				ED631DCE277349CF00968009 /* Assets.xcassets in Resources */,
				ED631DCC277349C600968009 /* Main.storyboard in Resources */,
			);
			runOnlyForDeploymentPostprocessing = 0;
		};
/* End PBXResourcesBuildPhase section */

/* Begin PBXSourcesBuildPhase section */
		ED631DBD277349C600968009 /* Sources */ = {
			isa = PBXSourcesBuildPhase;
			buildActionMask = 2147483647;
			files = (
				ED631DC9277349C600968009 /* WeatherController.swift in Sources */,
				ED631DC5277349C600968009 /* AppDelegate.swift in Sources */,
				ED42A0E527772F0B00C9157E /* GetLocation.swift in Sources */,
				ED631DDD2776E67600968009 /* WeatherManager.swift in Sources */,
				ED631DDB2776E30800968009 /* WeatherData.swift in Sources */,
				ED1EA960277B2310003F4F45 /* DescriptionController.swift in Sources */,
				ED7943F72779D44C004B7EB6 /* ListCell.swift in Sources */,
				ED631DDF2776EE1F00968009 /* WeatherModel.swift in Sources */,
				ED631DC7277349C600968009 /* SceneDelegate.swift in Sources */,
			);
			runOnlyForDeploymentPostprocessing = 0;
		};
/* End PBXSourcesBuildPhase section */

/* Begin PBXVariantGroup section */
		ED631DCA277349C600968009 /* Main.storyboard */ = {
			isa = PBXVariantGroup;
			children = (
				ED631DCB277349C600968009 /* Base */,
			);
			name = Main.storyboard;
			sourceTree = "<group>";
		};
		ED631DCF277349CF00968009 /* LaunchScreen.storyboard */ = {
			isa = PBXVariantGroup;
			children = (
				ED631DD0277349CF00968009 /* Base */,
			);
			name = LaunchScreen.storyboard;
			sourceTree = "<group>";
		};
/* End PBXVariantGroup section */

/* Begin XCBuildConfiguration section */
		ED631DD3277349CF00968009 /* Debug */ = {
			isa = XCBuildConfiguration;
			buildSettings = {
				ALWAYS_SEARCH_USER_PATHS = NO;
				CLANG_ANALYZER_NONNULL = YES;
				CLANG_ANALYZER_NUMBER_OBJECT_CONVERSION = YES_AGGRESSIVE;
				CLANG_CXX_LANGUAGE_STANDARD = "gnu++17";
				CLANG_CXX_LIBRARY = "libc++";
				CLANG_ENABLE_MODULES = YES;
				CLANG_ENABLE_OBJC_ARC = YES;
				CLANG_ENABLE_OBJC_WEAK = YES;
				CLANG_WARN_BLOCK_CAPTURE_AUTORELEASING = YES;
				CLANG_WARN_BOOL_CONVERSION = YES;
				CLANG_WARN_COMMA = YES;
				CLANG_WARN_CONSTANT_CONVERSION = YES;
				CLANG_WARN_DEPRECATED_OBJC_IMPLEMENTATIONS = YES;
				CLANG_WARN_DIRECT_OBJC_ISA_USAGE = YES_ERROR;
				CLANG_WARN_DOCUMENTATION_COMMENTS = YES;
				CLANG_WARN_EMPTY_BODY = YES;
				CLANG_WARN_ENUM_CONVERSION = YES;
				CLANG_WARN_INFINITE_RECURSION = YES;
				CLANG_WARN_INT_CONVERSION = YES;
				CLANG_WARN_NON_LITERAL_NULL_CONVERSION = YES;
				CLANG_WARN_OBJC_IMPLICIT_RETAIN_SELF = YES;
				CLANG_WARN_OBJC_LITERAL_CONVERSION = YES;
				CLANG_WARN_OBJC_ROOT_CLASS = YES_ERROR;
				CLANG_WARN_QUOTED_INCLUDE_IN_FRAMEWORK_HEADER = YES;
				CLANG_WARN_RANGE_LOOP_ANALYSIS = YES;
				CLANG_WARN_STRICT_PROTOTYPES = YES;
				CLANG_WARN_SUSPICIOUS_MOVE = YES;
				CLANG_WARN_UNGUARDED_AVAILABILITY = YES_AGGRESSIVE;
				CLANG_WARN_UNREACHABLE_CODE = YES;
				CLANG_WARN__DUPLICATE_METHOD_MATCH = YES;
				COPY_PHASE_STRIP = NO;
				DEBUG_INFORMATION_FORMAT = dwarf;
				ENABLE_STRICT_OBJC_MSGSEND = YES;
				ENABLE_TESTABILITY = YES;
				GCC_C_LANGUAGE_STANDARD = gnu11;
				GCC_DYNAMIC_NO_PIC = NO;
				GCC_NO_COMMON_BLOCKS = YES;
				GCC_OPTIMIZATION_LEVEL = 0;
				GCC_PREPROCESSOR_DEFINITIONS = (
					"DEBUG=1",
					"$(inherited)",
				);
				GCC_WARN_64_TO_32_BIT_CONVERSION = YES;
				GCC_WARN_ABOUT_RETURN_TYPE = YES_ERROR;
				GCC_WARN_UNDECLARED_SELECTOR = YES;
				GCC_WARN_UNINITIALIZED_AUTOS = YES_AGGRESSIVE;
				GCC_WARN_UNUSED_FUNCTION = YES;
				GCC_WARN_UNUSED_VARIABLE = YES;
				IPHONEOS_DEPLOYMENT_TARGET = 15.0;
				MTL_ENABLE_DEBUG_INFO = INCLUDE_SOURCE;
				MTL_FAST_MATH = YES;
				ONLY_ACTIVE_ARCH = YES;
				SDKROOT = iphoneos;
				SWIFT_ACTIVE_COMPILATION_CONDITIONS = DEBUG;
				SWIFT_OPTIMIZATION_LEVEL = "-Onone";
			};
			name = Debug;
		};
		ED631DD4277349CF00968009 /* Release */ = {
			isa = XCBuildConfiguration;
			buildSettings = {
				ALWAYS_SEARCH_USER_PATHS = NO;
				CLANG_ANALYZER_NONNULL = YES;
				CLANG_ANALYZER_NUMBER_OBJECT_CONVERSION = YES_AGGRESSIVE;
				CLANG_CXX_LANGUAGE_STANDARD = "gnu++17";
				CLANG_CXX_LIBRARY = "libc++";
				CLANG_ENABLE_MODULES = YES;
				CLANG_ENABLE_OBJC_ARC = YES;
				CLANG_ENABLE_OBJC_WEAK = YES;
				CLANG_WARN_BLOCK_CAPTURE_AUTORELEASING = YES;
				CLANG_WARN_BOOL_CONVERSION = YES;
				CLANG_WARN_COMMA = YES;
				CLANG_WARN_CONSTANT_CONVERSION = YES;
				CLANG_WARN_DEPRECATED_OBJC_IMPLEMENTATIONS = YES;
				CLANG_WARN_DIRECT_OBJC_ISA_USAGE = YES_ERROR;
				CLANG_WARN_DOCUMENTATION_COMMENTS = YES;
				CLANG_WARN_EMPTY_BODY = YES;
				CLANG_WARN_ENUM_CONVERSION = YES;
				CLANG_WARN_INFINITE_RECURSION = YES;
				CLANG_WARN_INT_CONVERSION = YES;
				CLANG_WARN_NON_LITERAL_NULL_CONVERSION = YES;
				CLANG_WARN_OBJC_IMPLICIT_RETAIN_SELF = YES;
				CLANG_WARN_OBJC_LITERAL_CONVERSION = YES;
				CLANG_WARN_OBJC_ROOT_CLASS = YES_ERROR;
				CLANG_WARN_QUOTED_INCLUDE_IN_FRAMEWORK_HEADER = YES;
				CLANG_WARN_RANGE_LOOP_ANALYSIS = YES;
				CLANG_WARN_STRICT_PROTOTYPES = YES;
				CLANG_WARN_SUSPICIOUS_MOVE = YES;
				CLANG_WARN_UNGUARDED_AVAILABILITY = YES_AGGRESSIVE;
				CLANG_WARN_UNREACHABLE_CODE = YES;
				CLANG_WARN__DUPLICATE_METHOD_MATCH = YES;
				COPY_PHASE_STRIP = NO;
				DEBUG_INFORMATION_FORMAT = "dwarf-with-dsym";
				ENABLE_NS_ASSERTIONS = NO;
				ENABLE_STRICT_OBJC_MSGSEND = YES;
				GCC_C_LANGUAGE_STANDARD = gnu11;
				GCC_NO_COMMON_BLOCKS = YES;
				GCC_WARN_64_TO_32_BIT_CONVERSION = YES;
				GCC_WARN_ABOUT_RETURN_TYPE = YES_ERROR;
				GCC_WARN_UNDECLARED_SELECTOR = YES;
				GCC_WARN_UNINITIALIZED_AUTOS = YES_AGGRESSIVE;
				GCC_WARN_UNUSED_FUNCTION = YES;
				GCC_WARN_UNUSED_VARIABLE = YES;
				IPHONEOS_DEPLOYMENT_TARGET = 15.0;
				MTL_ENABLE_DEBUG_INFO = NO;
				MTL_FAST_MATH = YES;
				SDKROOT = iphoneos;
				SWIFT_COMPILATION_MODE = wholemodule;
				SWIFT_OPTIMIZATION_LEVEL = "-O";
				VALIDATE_PRODUCT = YES;
			};
			name = Release;
		};
		ED631DD6277349CF00968009 /* Debug */ = {
			isa = XCBuildConfiguration;
			buildSettings = {
				ASSETCATALOG_COMPILER_APPICON_NAME = AppIcon;
				ASSETCATALOG_COMPILER_GLOBAL_ACCENT_COLOR_NAME = AccentColor;
				CODE_SIGN_STYLE = Automatic;
				CURRENT_PROJECT_VERSION = 1;
				DEVELOPMENT_TEAM = 8S9747MDPY;
				GENERATE_INFOPLIST_FILE = YES;
				INFOPLIST_FILE = WeatherApp/Info.plist;
				INFOPLIST_KEY_UIApplicationSupportsIndirectInputEvents = YES;
				INFOPLIST_KEY_UILaunchStoryboardName = LaunchScreen;
				INFOPLIST_KEY_UIMainStoryboardFile = Main;
				INFOPLIST_KEY_UISupportedInterfaceOrientations_iPad = "UIInterfaceOrientationPortrait UIInterfaceOrientationPortraitUpsideDown UIInterfaceOrientationLandscapeLeft UIInterfaceOrientationLandscapeRight";
				INFOPLIST_KEY_UISupportedInterfaceOrientations_iPhone = "UIInterfaceOrientationPortrait UIInterfaceOrientationLandscapeLeft UIInterfaceOrientationLandscapeRight";
				LD_RUNPATH_SEARCH_PATHS = (
					"$(inherited)",
					"@executable_path/Frameworks",
				);
				MARKETING_VERSION = 1.0;
				PRODUCT_BUNDLE_IDENTIFIER = "Skorobogaty-Dmitry.WeatherApp";
				PRODUCT_NAME = "$(TARGET_NAME)";
				SWIFT_EMIT_LOC_STRINGS = YES;
				SWIFT_VERSION = 5.0;
				TARGETED_DEVICE_FAMILY = "1,2";
			};
			name = Debug;
		};
		ED631DD7277349CF00968009 /* Release */ = {
			isa = XCBuildConfiguration;
			buildSettings = {
				ASSETCATALOG_COMPILER_APPICON_NAME = AppIcon;
				ASSETCATALOG_COMPILER_GLOBAL_ACCENT_COLOR_NAME = AccentColor;
				CODE_SIGN_STYLE = Automatic;
				CURRENT_PROJECT_VERSION = 1;
				DEVELOPMENT_TEAM = 8S9747MDPY;
				GENERATE_INFOPLIST_FILE = YES;
				INFOPLIST_FILE = WeatherApp/Info.plist;
				INFOPLIST_KEY_UIApplicationSupportsIndirectInputEvents = YES;
				INFOPLIST_KEY_UILaunchStoryboardName = LaunchScreen;
				INFOPLIST_KEY_UIMainStoryboardFile = Main;
				INFOPLIST_KEY_UISupportedInterfaceOrientations_iPad = "UIInterfaceOrientationPortrait UIInterfaceOrientationPortraitUpsideDown UIInterfaceOrientationLandscapeLeft UIInterfaceOrientationLandscapeRight";
				INFOPLIST_KEY_UISupportedInterfaceOrientations_iPhone = "UIInterfaceOrientationPortrait UIInterfaceOrientationLandscapeLeft UIInterfaceOrientationLandscapeRight";
				LD_RUNPATH_SEARCH_PATHS = (
					"$(inherited)",
					"@executable_path/Frameworks",
				);
				MARKETING_VERSION = 1.0;
				PRODUCT_BUNDLE_IDENTIFIER = "Skorobogaty-Dmitry.WeatherApp";
				PRODUCT_NAME = "$(TARGET_NAME)";
				SWIFT_EMIT_LOC_STRINGS = YES;
				SWIFT_VERSION = 5.0;
				TARGETED_DEVICE_FAMILY = "1,2";
			};
			name = Release;
		};
/* End XCBuildConfiguration section */

/* Begin XCConfigurationList section */
		ED631DBC277349C600968009 /* Build configuration list for PBXProject "WeatherApp" */ = {
			isa = XCConfigurationList;
			buildConfigurations = (
				ED631DD3277349CF00968009 /* Debug */,
				ED631DD4277349CF00968009 /* Release */,
			);
			defaultConfigurationIsVisible = 0;
			defaultConfigurationName = Release;
		};
		ED631DD5277349CF00968009 /* Build configuration list for PBXNativeTarget "WeatherApp" */ = {
			isa = XCConfigurationList;
			buildConfigurations = (
				ED631DD6277349CF00968009 /* Debug */,
				ED631DD7277349CF00968009 /* Release */,
			);
			defaultConfigurationIsVisible = 0;
			defaultConfigurationName = Release;
		};
/* End XCConfigurationList section */
	};
	rootObject = ED631DB9277349C600968009 /* Project object */;
}
